dependencies:
  espressif/esp_jpeg:
    component_hash: 6879d4a0acddcdf4848b4bf6712a8d959b8aed475581a32a2ce9167ae786a150
    source:
      service_url: https://api.components.espressif.com/
      type: service
    version: 1.0.2
  idf:
    component_hash: null
    source:
      type: idf
    version: 5.1.0
manifest_hash: 8b5ec8acf07a0328219308604a115ddbb87d192776fbd85d6dca498ed45b99bb
target: esp32c3
version: 1.0.0
